%{"bear": {:hex, :bear, "0.8.3", "866002127a97932720a0d475d8582c98ec5fb78db3a18dfe7eaf91594d9024b8", [:rebar3], []},
  "exactor": {:hex, :exactor, "2.2.3", "a6972f43bb6160afeb73e1d8ab45ba604cd0ac8b5244c557093f6e92ce582786", [:mix], []},
  "exjsx": {:hex, :exjsx, "3.2.1", "1bc5bf1e4fd249104178f0885030bcd75a4526f4d2a1e976f4b428d347614f0f", [:mix], [{:jsx, "~> 2.8.0", [hex: :jsx, optional: false]}]},
  "exvcr": {:hex, :exvcr, "0.8.7", "e76f33b10dfefbcf32afa6d6867140566d0d54797e352b47485eed0241dd7edf", [:mix], [{:exactor, "~> 2.2", [hex: :exactor, optional: false]}, {:exjsx, "~> 3.2", [hex: :exjsx, optional: false]}, {:httpoison, "~> 0.8", [hex: :httpoison, optional: true]}, {:httpotion, "~> 3.0", [hex: :httpotion, optional: true]}, {:ibrowse, "~> 4.2.2", [hex: :ibrowse, optional: true]}, {:meck, "~> 0.8.3", [hex: :meck, optional: false]}]},
  "folsom": {:hex, :folsom, "0.8.3", "71cff146152fa95e6092e62119f9dc96888660111e7b61853c8fdcf80598a4e0", [:rebar3], [{:bear, "0.8.3", [hex: :bear, optional: false]}]},
  "jsx": {:hex, :jsx, "2.8.2", "7acc7d785b5abe8a6e9adbde926a24e481f29956dd8b4df49e3e4e7bcc92a018", [:mix, :rebar3], []},
  "meck": {:hex, :meck, "0.8.4", "59ca1cd971372aa223138efcf9b29475bde299e1953046a0c727184790ab1520", [:make, :rebar], []},
  "poison": {:hex, :poison, "2.2.0", "4763b69a8a77bd77d26f477d196428b741261a761257ff1cf92753a0d4d24a63", [:mix], []},
  "quintana": {:hex, :quintana, "0.2.1", "6245acd4b70c0b4c23cb804cf0cc96b1826c2ec786561a048fcffc031672471a", [:rebar3], [{:folsom, "0.8.3", [hex: :folsom, optional: false]}]}}
